
Microsoft Visual Studio Solution File, Format Version 12.00
# Visual Studio Version 16
VisualStudioVersion = 16.0.30804.86
MinimumVisualStudioVersion = 10.0.40219.1
Project("{FAE04EC0-301F-11D3-BF4B-00C04F79EFBC}") = "MedicalData", "MedicalData\MedicalData.csproj", "{FB935DC2-6AE4-46B9-9D8B-5B2FFF556F6A}"
EndProject
Global
	GlobalSection(SolutionConfigurationPlatforms) = preSolution
		Debug|Any CPU = Debug|Any CPU
		Release|Any CPU = Release|Any CPU
	EndGlobalSection
	GlobalSection(ProjectConfigurationPlatforms) = postSolution
		{FB935DC2-6AE4-46B9-9D8B-5B2FFF556F6A}.Debug|Any CPU.ActiveCfg = Debug|Any CPU
		{FB935DC2-6AE4-46B9-9D8B-5B2FFF556F6A}.Debug|Any CPU.Build.0 = Debug|Any CPU
		{FB935DC2-6AE4-46B9-9D8B-5B2FFF556F6A}.Release|Any CPU.ActiveCfg = Release|Any CPU
		{FB935DC2-6AE4-46B9-9D8B-5B2FFF556F6A}.Release|Any CPU.Build.0 = Release|Any CPU
	EndGlobalSection
	GlobalSection(SolutionProperties) = preSolution
		HideSolutionNode = FALSE
	EndGlobalSection
	GlobalSection(ExtensibilityGlobals) = postSolution
		SolutionGuid = {0710BFBF-175F-492C-82D3-5B80094459CD}
	EndGlobalSection
EndGlobal
